
Microsoft Visual Studio Solution File, Format Version 12.00
# Visual Studio Version 17
VisualStudioVersion = 17.8.34511.84
MinimumVisualStudioVersion = 10.0.40219.1
Project("{FAE04EC0-301F-11D3-BF4B-00C04F79EFBC}") = "Parte_1_Ex_3", "Parte_1_Ex_3.csproj", "{E9C345FE-8142-406E-A3E7-CB33BE44952B}"
EndProject
Global
	GlobalSection(SolutionConfigurationPlatforms) = preSolution
		Debug|Any CPU = Debug|Any CPU
		Release|Any CPU = Release|Any CPU
	EndGlobalSection
	GlobalSection(ProjectConfigurationPlatforms) = postSolution
		{E9C345FE-8142-406E-A3E7-CB33BE44952B}.Debug|Any CPU.ActiveCfg = Debug|Any CPU
		{E9C345FE-8142-406E-A3E7-CB33BE44952B}.Debug|Any CPU.Build.0 = Debug|Any CPU
		{E9C345FE-8142-406E-A3E7-CB33BE44952B}.Release|Any CPU.ActiveCfg = Release|Any CPU
		{E9C345FE-8142-406E-A3E7-CB33BE44952B}.Release|Any CPU.Build.0 = Release|Any CPU
	EndGlobalSection
	GlobalSection(SolutionProperties) = preSolution
		HideSolutionNode = FALSE
	EndGlobalSection
	GlobalSection(ExtensibilityGlobals) = postSolution
		SolutionGuid = {237C63E8-0497-4DA2-B225-6D50CBAC647A}
	EndGlobalSection
EndGlobal
