
Microsoft Visual Studio Solution File, Format Version 12.00
# Visual Studio Version 17
VisualStudioVersion = 17.8.34511.84
MinimumVisualStudioVersion = 10.0.40219.1
Project("{FAE04EC0-301F-11D3-BF4B-00C04F79EFBC}") = "Parte_1_Ex_9", "Parte_1_Ex_9.csproj", "{EE3DB334-FCF7-4004-8785-98B1B25C4AC8}"
EndProject
Global
	GlobalSection(SolutionConfigurationPlatforms) = preSolution
		Debug|Any CPU = Debug|Any CPU
		Release|Any CPU = Release|Any CPU
	EndGlobalSection
	GlobalSection(ProjectConfigurationPlatforms) = postSolution
		{EE3DB334-FCF7-4004-8785-98B1B25C4AC8}.Debug|Any CPU.ActiveCfg = Debug|Any CPU
		{EE3DB334-FCF7-4004-8785-98B1B25C4AC8}.Debug|Any CPU.Build.0 = Debug|Any CPU
		{EE3DB334-FCF7-4004-8785-98B1B25C4AC8}.Release|Any CPU.ActiveCfg = Release|Any CPU
		{EE3DB334-FCF7-4004-8785-98B1B25C4AC8}.Release|Any CPU.Build.0 = Release|Any CPU
	EndGlobalSection
	GlobalSection(SolutionProperties) = preSolution
		HideSolutionNode = FALSE
	EndGlobalSection
	GlobalSection(ExtensibilityGlobals) = postSolution
		SolutionGuid = {787F83E7-C2D2-48C4-830C-E514FBB1DED9}
	EndGlobalSection
EndGlobal
