
Microsoft Visual Studio Solution File, Format Version 12.00
# Visual Studio Version 17
VisualStudioVersion = 17.8.34511.84
MinimumVisualStudioVersion = 10.0.40219.1
Project("{FAE04EC0-301F-11D3-BF4B-00C04F79EFBC}") = "Parte_1_Ex_1", "Parte_1_Ex_1.csproj", "{B1A9AD73-34E6-4400-ACE4-08C86C77F40D}"
EndProject
Global
	GlobalSection(SolutionConfigurationPlatforms) = preSolution
		Debug|Any CPU = Debug|Any CPU
		Release|Any CPU = Release|Any CPU
	EndGlobalSection
	GlobalSection(ProjectConfigurationPlatforms) = postSolution
		{B1A9AD73-34E6-4400-ACE4-08C86C77F40D}.Debug|Any CPU.ActiveCfg = Debug|Any CPU
		{B1A9AD73-34E6-4400-ACE4-08C86C77F40D}.Debug|Any CPU.Build.0 = Debug|Any CPU
		{B1A9AD73-34E6-4400-ACE4-08C86C77F40D}.Release|Any CPU.ActiveCfg = Release|Any CPU
		{B1A9AD73-34E6-4400-ACE4-08C86C77F40D}.Release|Any CPU.Build.0 = Release|Any CPU
	EndGlobalSection
	GlobalSection(SolutionProperties) = preSolution
		HideSolutionNode = FALSE
	EndGlobalSection
	GlobalSection(ExtensibilityGlobals) = postSolution
		SolutionGuid = {E304292C-A334-41BD-8F34-AB6C2663A9BA}
	EndGlobalSection
EndGlobal
