
Microsoft Visual Studio Solution File, Format Version 12.00
# Visual Studio Version 17
VisualStudioVersion = 17.8.34511.84
MinimumVisualStudioVersion = 10.0.40219.1
Project("{FAE04EC0-301F-11D3-BF4B-00C04F79EFBC}") = "Parte_2_Ex_7", "Parte_2_Ex_7.csproj", "{F1A14AEE-545C-433D-9D34-A22099FAD8E7}"
EndProject
Global
	GlobalSection(SolutionConfigurationPlatforms) = preSolution
		Debug|Any CPU = Debug|Any CPU
		Release|Any CPU = Release|Any CPU
	EndGlobalSection
	GlobalSection(ProjectConfigurationPlatforms) = postSolution
		{F1A14AEE-545C-433D-9D34-A22099FAD8E7}.Debug|Any CPU.ActiveCfg = Debug|Any CPU
		{F1A14AEE-545C-433D-9D34-A22099FAD8E7}.Debug|Any CPU.Build.0 = Debug|Any CPU
		{F1A14AEE-545C-433D-9D34-A22099FAD8E7}.Release|Any CPU.ActiveCfg = Release|Any CPU
		{F1A14AEE-545C-433D-9D34-A22099FAD8E7}.Release|Any CPU.Build.0 = Release|Any CPU
	EndGlobalSection
	GlobalSection(SolutionProperties) = preSolution
		HideSolutionNode = FALSE
	EndGlobalSection
	GlobalSection(ExtensibilityGlobals) = postSolution
		SolutionGuid = {E3F707B1-8690-4E70-9226-61C45202EA76}
	EndGlobalSection
EndGlobal
