
Microsoft Visual Studio Solution File, Format Version 12.00
# Visual Studio Version 17
VisualStudioVersion = 17.8.34511.84
MinimumVisualStudioVersion = 10.0.40219.1
Project("{FAE04EC0-301F-11D3-BF4B-00C04F79EFBC}") = "Parte_2_Ex_3", "Parte_2_Ex_3.csproj", "{2DFDFEB5-4CF6-4F01-9D4B-268E07A404C1}"
EndProject
Global
	GlobalSection(SolutionConfigurationPlatforms) = preSolution
		Debug|Any CPU = Debug|Any CPU
		Release|Any CPU = Release|Any CPU
	EndGlobalSection
	GlobalSection(ProjectConfigurationPlatforms) = postSolution
		{2DFDFEB5-4CF6-4F01-9D4B-268E07A404C1}.Debug|Any CPU.ActiveCfg = Debug|Any CPU
		{2DFDFEB5-4CF6-4F01-9D4B-268E07A404C1}.Debug|Any CPU.Build.0 = Debug|Any CPU
		{2DFDFEB5-4CF6-4F01-9D4B-268E07A404C1}.Release|Any CPU.ActiveCfg = Release|Any CPU
		{2DFDFEB5-4CF6-4F01-9D4B-268E07A404C1}.Release|Any CPU.Build.0 = Release|Any CPU
	EndGlobalSection
	GlobalSection(SolutionProperties) = preSolution
		HideSolutionNode = FALSE
	EndGlobalSection
	GlobalSection(ExtensibilityGlobals) = postSolution
		SolutionGuid = {5223FB64-23FB-4EB5-90C2-0A76115876E9}
	EndGlobalSection
EndGlobal
